dependencies:
  espressif/esp_modem:
    component_hash: b541c3f5765d3ba062c0d004b9ca6da6d0af908293421c2dbe046c537fb2a011
    dependencies:
    - name: idf
      require: private
      version: '>=4.1'
    source:
      registry_url: https://components.espressif.com/
      type: service
    version: 1.4.0
  espressif/led_strip:
    component_hash: 28c6509a727ef74925b372ed404772aeedf11cce10b78c3f69b3c66799095e2d
    dependencies:
    - name: idf
      require: private
      version: '>=4.4'
    source:
      registry_url: https://components.espressif.com/
      type: service
    version: 2.5.5
  idf:
    source:
      type: idf
    version: 5.4.0
  johannh/databus:
    dependencies:
    - name: idf
      version: '>=5.4.0'
    source:
      path: /home/johann/wetterballon/flight-hardware/components/databus
      type: local
    version: 1.0.0
  johannh/sd_card:
    dependencies:
    - name: idf
      version: '>=5.4.0'
    - name: johannh/databus
      override_path: ../databus/
    source:
      path: /home/johann/wetterballon/flight-hardware/components/sd_card
      type: local
    version: 1.0.0
  johannh/status_led:
    dependencies:
    - name: idf
      version: '>=5.4.0'
    - name: espressif/led_strip
      version: ^2.4.1
    source:
      path: /home/johann/wetterballon/flight-hardware/components/status_led
      type: local
    version: 1.0.0
direct_dependencies:
- espressif/esp_modem
- idf
- johannh/databus
- johannh/sd_card
- johannh/status_led
manifest_hash: 8e546f034f5712b0af0211c8935169a418933200769b5e0e7aca1ff8d938659e
target: esp32c6
version: 2.0.0
