dependencies:
  idf:
    source:
      type: idf
    version: 5.4.0
  johannh/databus:
    dependencies: []
    source:
      path: /home/johann/wetterballon/flight-hardware/components/databus
      type: local
    version: '*'
direct_dependencies:
- idf
- johannh/databus
manifest_hash: 368bec5bf4dc4b354e0683f891afbb32fc4bc40d17bcc0a5f3f0b868632619af
target: esp32c3
version: 2.0.0
